
Microsoft Visual Studio Solution File, Format Version 12.00
Project("{FAE04EC0-301F-11D3-BF4B-00C04F79EFBC}") = "Meows", "Meows\Meows.csproj", "{6E3E5182-C03B-4955-8FD7-B84A2D84DF96}"
EndProject
Project("{FAE04EC0-301F-11D3-BF4B-00C04F79EFBC}") = "Meows.Plugins.Abstractions", "Meows.Plugins.Abstractions\Meows.Plugins.Abstractions.csproj", "{24C81FA1-6A3D-4C1C-BCC2-3CE66A1F7FA1}"
EndProject
Project("{FAE04EC0-301F-11D3-BF4B-00C04F79EFBC}") = "Meows.Plugins.TelegramPoster", "Meows.Plugins.TelegramPoster\Meows.Plugins.TelegramPoster.csproj", "{9AEAD5B2-69CA-4208-B0C8-7CA259003A65}"
EndProject
Project("{FAE04EC0-301F-11D3-BF4B-00C04F79EFBC}") = "Meows.Plugins.Purrge", "Meows.Plugins.Purrge\Meows.Plugins.Purrge.csproj", "{DE4A25BA-43D4-4740-8108-8B15A15A2B5E}"
EndProject
Project("{FAE04EC0-301F-11D3-BF4B-00C04F79EFBC}") = "Meows.Tests", "Meows.Tests\Meows.Tests.csproj", "{9E9F028F-3C23-4537-A1C3-9611503DB767}"
EndProject
Project("{FAE04EC0-301F-11D3-BF4B-00C04F79EFBC}") = "Meows.Bot.Core", "Meows.Bot.Core\Meows.Bot.Core.csproj", "{37FF19F4-C0AF-4D09-A3B5-0E4D33904585}"
EndProject
Project("{FAE04EC0-301F-11D3-BF4B-00C04F79EFBC}") = "Meows.Plugins.Kibble", "Meows.Plugins.Kibble\Meows.Plugins.Kibble.csproj", "{5D08D901-DF99-4BFB-9ADA-45F06A0E2E17}"
EndProject
Project("{FAE04EC0-301F-11D3-BF4B-00C04F79EFBC}") = "Meows.Disk", "Meows.Disk\Meows.Disk.csproj", "{D0C8B244-7272-4AE6-91E8-C8348422C092}"
EndProject
Project("{FAE04EC0-301F-11D3-BF4B-00C04F79EFBC}") = "Meows.Plugins.Chonk", "Meows.Plugins.Chonk\Meows.Plugins.Chonk.csproj", "{B9F53733-F59B-4CE6-92B1-CAC39614F262}"
EndProject
Project("{FAE04EC0-301F-11D3-BF4B-00C04F79EFBC}") = "Meows.Plugins.Litter", "Meows.Plugins.Litter\Meows.Plugins.Litter.csproj", "{F188D626-D611-4A27-A826-08EBB7492142}"
EndProject
Project("{FAE04EC0-301F-11D3-BF4B-00C04F79EFBC}") = "Meows.Plugins.Molt", "Meows.Plugins.Molt\Meows.Plugins.Molt.csproj", "{DB8E8A63-1555-4FF4-8E6A-0E08F872670A}"
EndProject
Project("{FAE04EC0-301F-11D3-BF4B-00C04F79EFBC}") = "Meows.Plugins.Saucer", "Meows.Plugins.Saucer\Meows.Plugins.Saucer.csproj", "{F3AA1050-1A55-4C44-885A-7BD74B239416}"
EndProject
Project("{FAE04EC0-301F-11D3-BF4B-00C04F79EFBC}") = "Meows.Plugins.Mouser", "Meows.Plugins.Mouser\Meows.Plugins.Mouser.csproj", "{B7E0B796-F896-4E11-8749-5AD81883FA56}"
EndProject
Project("{FAE04EC0-301F-11D3-BF4B-00C04F79EFBC}") = "Meows.Plugins.Birdwatch", "Meows.Plugins.Birdwatch\Meows.Plugins.Birdwatch.csproj", "{FDD1F45C-5340-4C8C-8FEB-EDDA2D815246}"
EndProject
Project("{FAE04EC0-301F-11D3-BF4B-00C04F79EFBC}") = "Meows.Plugins.Tin", "Meows.Plugins.Tin\Meows.Plugins.Tin.csproj", "{74B88601-CFC2-44A1-BA68-14484DCF3C16}"
EndProject
Project("{FAE04EC0-301F-11D3-BF4B-00C04F79EFBC}") = "Meows.Plugins.Collar", "Meows.Plugins.Collar\Meows.Plugins.Collar.csproj", "{09355FA2-102A-4B3A-A451-BC7F06A667C5}"
EndProject
Project("{FAE04EC0-301F-11D3-BF4B-00C04F79EFBC}") = "Meows.Plugins.Scruff", "Meows.Plugins.Scruff\Meows.Plugins.Scruff.csproj", "{16926341-3B56-4502-B94A-538BCBCA9EEC}"
EndProject
Project("{FAE04EC0-301F-11D3-BF4B-00C04F79EFBC}") = "Meows.Plugins.Perch", "Meows.Plugins.Perch\Meows.Plugins.Perch.csproj", "{F7F79406-60C6-4061-B011-23E9EBC89A04}"
EndProject
Project("{FAE04EC0-301F-11D3-BF4B-00C04F79EFBC}") = "Meows.Media", "Meows.Media\Meows.Media.csproj", "{7E4D4EEE-3873-4FAB-B779-59BC618B21D1}"
EndProject
Project("{FAE04EC0-301F-11D3-BF4B-00C04F79EFBC}") = "Meows.Plugins.Portion", "Meows.Plugins.Portion\Meows.Plugins.Portion.csproj", "{BCF5D634-6225-4722-BABD-DB952C8ECAE4}"
EndProject
Project("{FAE04EC0-301F-11D3-BF4B-00C04F79EFBC}") = "Meows.Kitten", "Meows.Kitten\Meows.Kitten.csproj", "{332565B0-BDB8-421D-A1C1-E25C656A67C0}"
EndProject
Project("{FAE04EC0-301F-11D3-BF4B-00C04F79EFBC}") = "Meows.Plugins.Purr", "Meows.Plugins.Purr\Meows.Plugins.Purr.csproj", "{E3DEA76A-0D9A-475E-835E-1AE7ED6BB519}"
EndProject
Project("{FAE04EC0-301F-11D3-BF4B-00C04F79EFBC}") = "Meows.Plugins.Familiar", "Meows.Plugins.Familiar\Meows.Plugins.Familiar.csproj", "{60A998B0-DDBC-43AB-B759-63CB9B6D0986}"
EndProject
Project("{FAE04EC0-301F-11D3-BF4B-00C04F79EFBC}") = "Meows.Plugins.WeighIn", "Meows.Plugins.WeighIn\Meows.Plugins.WeighIn.csproj", "{969A4853-D0F2-4F6A-9C9C-CB5EB660BFB8}"
EndProject
Project("{FAE04EC0-301F-11D3-BF4B-00C04F79EFBC}") = "Meows.Plugins.Catnip", "Meows.Plugins.Catnip\Meows.Plugins.Catnip.csproj", "{9E335E10-091D-4C14-B8AC-0CCAA511AF16}"
EndProject
Project("{FAE04EC0-301F-11D3-BF4B-00C04F79EFBC}") = "Meows.Plugins.Rehome", "Meows.Plugins.Rehome\Meows.Plugins.Rehome.csproj", "{0BE93815-7F3B-4E43-A7D8-BC7C9A0B4551}"
EndProject
Project("{2150E333-8FDC-42A3-9474-1A3956D46DE8}") = "examples", "examples", "{B36A84DF-456D-A817-6EDD-3EC3E7F6E11F}"
EndProject
Project("{FAE04EC0-301F-11D3-BF4B-00C04F79EFBC}") = "Meow", "examples\Meow\Meow.csproj", "{DCD3577B-6D5A-4C01-8930-67D07A6063D7}"
EndProject
Project("{FAE04EC0-301F-11D3-BF4B-00C04F79EFBC}") = "Yowl", "examples\Yowl\Yowl.csproj", "{2030AD82-4411-448B-B76F-B78B7EF1A89F}"
EndProject
Project("{FAE04EC0-301F-11D3-BF4B-00C04F79EFBC}") = "Nudge", "examples\Nudge\Nudge.csproj", "{96307F9E-35DB-4F27-8D69-22F505B08F3C}"
EndProject
Project("{FAE04EC0-301F-11D3-BF4B-00C04F79EFBC}") = "Yarn", "examples\Yarn\Yarn.csproj", "{C5451035-6B2A-4F13-8BA3-4BE0DEC605DB}"
EndProject
Project("{FAE04EC0-301F-11D3-BF4B-00C04F79EFBC}") = "Sniff", "examples\Sniff\Sniff.csproj", "{F2437A8D-E67C-406F-BEF9-2DA8B20FBD62}"
EndProject
Project("{FAE04EC0-301F-11D3-BF4B-00C04F79EFBC}") = "Meows.Plugins.Trail", "Meows.Plugins.Trail\Meows.Plugins.Trail.csproj", "{0F6E1477-68A2-4DE7-A025-793E12FF9016}"
EndProject
Project("{FAE04EC0-301F-11D3-BF4B-00C04F79EFBC}") = "Meows.Plugins.Scoop", "Meows.Plugins.Scoop\Meows.Plugins.Scoop.csproj", "{D3C7601B-3005-4ED4-A367-E760807330EC}"
EndProject
Project("{FAE04EC0-301F-11D3-BF4B-00C04F79EFBC}") = "Meows.Plugins.Larder", "Meows.Plugins.Larder\Meows.Plugins.Larder.csproj", "{A446513A-8913-436A-B979-830A68FDDF52}"
EndProject
Project("{FAE04EC0-301F-11D3-BF4B-00C04F79EFBC}") = "Meows.Plugins.Carry", "Meows.Plugins.Carry\Meows.Plugins.Carry.csproj", "{6E4452C3-15C8-41E2-BF5C-4F455799DC5E}"
EndProject
Project("{FAE04EC0-301F-11D3-BF4B-00C04F79EFBC}") = "Meows.Plugins.Cattery", "Meows.Plugins.Cattery\Meows.Plugins.Cattery.csproj", "{39CB2FAA-BE52-47EA-8958-66E40B9DF0D7}"
EndProject
Project("{FAE04EC0-301F-11D3-BF4B-00C04F79EFBC}") = "Meows.Plugins.Nest", "Meows.Plugins.Nest\Meows.Plugins.Nest.csproj", "{80EA9BBD-F954-4E30-85C7-53166392BF32}"
EndProject
Global
	GlobalSection(SolutionConfigurationPlatforms) = preSolution
		Debug|Any CPU = Debug|Any CPU
		Debug|x64 = Debug|x64
		Debug|x86 = Debug|x86
		Release|Any CPU = Release|Any CPU
		Release|x64 = Release|x64
		Release|x86 = Release|x86
	EndGlobalSection
	GlobalSection(ProjectConfigurationPlatforms) = postSolution
		{6E3E5182-C03B-4955-8FD7-B84A2D84DF96}.Debug|Any CPU.ActiveCfg = Debug|Any CPU
		{6E3E5182-C03B-4955-8FD7-B84A2D84DF96}.Debug|Any CPU.Build.0 = Debug|Any CPU
		{6E3E5182-C03B-4955-8FD7-B84A2D84DF96}.Debug|x64.ActiveCfg = Debug|Any CPU
		{6E3E5182-C03B-4955-8FD7-B84A2D84DF96}.Debug|x64.Build.0 = Debug|Any CPU
		{6E3E5182-C03B-4955-8FD7-B84A2D84DF96}.Debug|x86.ActiveCfg = Debug|Any CPU
		{6E3E5182-C03B-4955-8FD7-B84A2D84DF96}.Debug|x86.Build.0 = Debug|Any CPU
		{6E3E5182-C03B-4955-8FD7-B84A2D84DF96}.Release|Any CPU.ActiveCfg = Release|Any CPU
		{6E3E5182-C03B-4955-8FD7-B84A2D84DF96}.Release|Any CPU.Build.0 = Release|Any CPU
		{6E3E5182-C03B-4955-8FD7-B84A2D84DF96}.Release|x64.ActiveCfg = Release|Any CPU
		{6E3E5182-C03B-4955-8FD7-B84A2D84DF96}.Release|x64.Build.0 = Release|Any CPU
		{6E3E5182-C03B-4955-8FD7-B84A2D84DF96}.Release|x86.ActiveCfg = Release|Any CPU
		{6E3E5182-C03B-4955-8FD7-B84A2D84DF96}.Release|x86.Build.0 = Release|Any CPU
		{24C81FA1-6A3D-4C1C-BCC2-3CE66A1F7FA1}.Debug|Any CPU.ActiveCfg = Debug|Any CPU
		{24C81FA1-6A3D-4C1C-BCC2-3CE66A1F7FA1}.Debug|Any CPU.Build.0 = Debug|Any CPU
		{24C81FA1-6A3D-4C1C-BCC2-3CE66A1F7FA1}.Debug|x64.ActiveCfg = Debug|Any CPU
		{24C81FA1-6A3D-4C1C-BCC2-3CE66A1F7FA1}.Debug|x64.Build.0 = Debug|Any CPU
		{24C81FA1-6A3D-4C1C-BCC2-3CE66A1F7FA1}.Debug|x86.ActiveCfg = Debug|Any CPU
		{24C81FA1-6A3D-4C1C-BCC2-3CE66A1F7FA1}.Debug|x86.Build.0 = Debug|Any CPU
		{24C81FA1-6A3D-4C1C-BCC2-3CE66A1F7FA1}.Release|Any CPU.ActiveCfg = Release|Any CPU
		{24C81FA1-6A3D-4C1C-BCC2-3CE66A1F7FA1}.Release|Any CPU.Build.0 = Release|Any CPU
		{24C81FA1-6A3D-4C1C-BCC2-3CE66A1F7FA1}.Release|x64.ActiveCfg = Release|Any CPU
		{24C81FA1-6A3D-4C1C-BCC2-3CE66A1F7FA1}.Release|x64.Build.0 = Release|Any CPU
		{24C81FA1-6A3D-4C1C-BCC2-3CE66A1F7FA1}.Release|x86.ActiveCfg = Release|Any CPU
		{24C81FA1-6A3D-4C1C-BCC2-3CE66A1F7FA1}.Release|x86.Build.0 = Release|Any CPU
		{9AEAD5B2-69CA-4208-B0C8-7CA259003A65}.Debug|Any CPU.ActiveCfg = Debug|Any CPU
		{9AEAD5B2-69CA-4208-B0C8-7CA259003A65}.Debug|Any CPU.Build.0 = Debug|Any CPU
		{9AEAD5B2-69CA-4208-B0C8-7CA259003A65}.Debug|x64.ActiveCfg = Debug|Any CPU
		{9AEAD5B2-69CA-4208-B0C8-7CA259003A65}.Debug|x64.Build.0 = Debug|Any CPU
		{9AEAD5B2-69CA-4208-B0C8-7CA259003A65}.Debug|x86.ActiveCfg = Debug|Any CPU
		{9AEAD5B2-69CA-4208-B0C8-7CA259003A65}.Debug|x86.Build.0 = Debug|Any CPU
		{9AEAD5B2-69CA-4208-B0C8-7CA259003A65}.Release|Any CPU.ActiveCfg = Release|Any CPU
		{9AEAD5B2-69CA-4208-B0C8-7CA259003A65}.Release|Any CPU.Build.0 = Release|Any CPU
		{9AEAD5B2-69CA-4208-B0C8-7CA259003A65}.Release|x64.ActiveCfg = Release|Any CPU
		{9AEAD5B2-69CA-4208-B0C8-7CA259003A65}.Release|x64.Build.0 = Release|Any CPU
		{9AEAD5B2-69CA-4208-B0C8-7CA259003A65}.Release|x86.ActiveCfg = Release|Any CPU
		{9AEAD5B2-69CA-4208-B0C8-7CA259003A65}.Release|x86.Build.0 = Release|Any CPU
		{DE4A25BA-43D4-4740-8108-8B15A15A2B5E}.Debug|Any CPU.ActiveCfg = Debug|Any CPU
		{DE4A25BA-43D4-4740-8108-8B15A15A2B5E}.Debug|Any CPU.Build.0 = Debug|Any CPU
		{DE4A25BA-43D4-4740-8108-8B15A15A2B5E}.Debug|x64.ActiveCfg = Debug|Any CPU
		{DE4A25BA-43D4-4740-8108-8B15A15A2B5E}.Debug|x64.Build.0 = Debug|Any CPU
		{DE4A25BA-43D4-4740-8108-8B15A15A2B5E}.Debug|x86.ActiveCfg = Debug|Any CPU
		{DE4A25BA-43D4-4740-8108-8B15A15A2B5E}.Debug|x86.Build.0 = Debug|Any CPU
		{DE4A25BA-43D4-4740-8108-8B15A15A2B5E}.Release|Any CPU.ActiveCfg = Release|Any CPU
		{DE4A25BA-43D4-4740-8108-8B15A15A2B5E}.Release|Any CPU.Build.0 = Release|Any CPU
		{DE4A25BA-43D4-4740-8108-8B15A15A2B5E}.Release|x64.ActiveCfg = Release|Any CPU
		{DE4A25BA-43D4-4740-8108-8B15A15A2B5E}.Release|x64.Build.0 = Release|Any CPU
		{DE4A25BA-43D4-4740-8108-8B15A15A2B5E}.Release|x86.ActiveCfg = Release|Any CPU
		{DE4A25BA-43D4-4740-8108-8B15A15A2B5E}.Release|x86.Build.0 = Release|Any CPU
		{9E9F028F-3C23-4537-A1C3-9611503DB767}.Debug|Any CPU.ActiveCfg = Debug|Any CPU
		{9E9F028F-3C23-4537-A1C3-9611503DB767}.Debug|Any CPU.Build.0 = Debug|Any CPU
		{9E9F028F-3C23-4537-A1C3-9611503DB767}.Debug|x64.ActiveCfg = Debug|Any CPU
		{9E9F028F-3C23-4537-A1C3-9611503DB767}.Debug|x64.Build.0 = Debug|Any CPU
		{9E9F028F-3C23-4537-A1C3-9611503DB767}.Debug|x86.ActiveCfg = Debug|Any CPU
		{9E9F028F-3C23-4537-A1C3-9611503DB767}.Debug|x86.Build.0 = Debug|Any CPU
		{9E9F028F-3C23-4537-A1C3-9611503DB767}.Release|Any CPU.ActiveCfg = Release|Any CPU
		{9E9F028F-3C23-4537-A1C3-9611503DB767}.Release|Any CPU.Build.0 = Release|Any CPU
		{9E9F028F-3C23-4537-A1C3-9611503DB767}.Release|x64.ActiveCfg = Release|Any CPU
		{9E9F028F-3C23-4537-A1C3-9611503DB767}.Release|x64.Build.0 = Release|Any CPU
		{9E9F028F-3C23-4537-A1C3-9611503DB767}.Release|x86.ActiveCfg = Release|Any CPU
		{9E9F028F-3C23-4537-A1C3-9611503DB767}.Release|x86.Build.0 = Release|Any CPU
		{37FF19F4-C0AF-4D09-A3B5-0E4D33904585}.Debug|Any CPU.ActiveCfg = Debug|Any CPU
		{37FF19F4-C0AF-4D09-A3B5-0E4D33904585}.Debug|Any CPU.Build.0 = Debug|Any CPU
		{37FF19F4-C0AF-4D09-A3B5-0E4D33904585}.Debug|x64.ActiveCfg = Debug|Any CPU
		{37FF19F4-C0AF-4D09-A3B5-0E4D33904585}.Debug|x64.Build.0 = Debug|Any CPU
		{37FF19F4-C0AF-4D09-A3B5-0E4D33904585}.Debug|x86.ActiveCfg = Debug|Any CPU
		{37FF19F4-C0AF-4D09-A3B5-0E4D33904585}.Debug|x86.Build.0 = Debug|Any CPU
		{37FF19F4-C0AF-4D09-A3B5-0E4D33904585}.Release|Any CPU.ActiveCfg = Release|Any CPU
		{37FF19F4-C0AF-4D09-A3B5-0E4D33904585}.Release|Any CPU.Build.0 = Release|Any CPU
		{37FF19F4-C0AF-4D09-A3B5-0E4D33904585}.Release|x64.ActiveCfg = Release|Any CPU
		{37FF19F4-C0AF-4D09-A3B5-0E4D33904585}.Release|x64.Build.0 = Release|Any CPU
		{37FF19F4-C0AF-4D09-A3B5-0E4D33904585}.Release|x86.ActiveCfg = Release|Any CPU
		{37FF19F4-C0AF-4D09-A3B5-0E4D33904585}.Release|x86.Build.0 = Release|Any CPU
		{5D08D901-DF99-4BFB-9ADA-45F06A0E2E17}.Debug|Any CPU.ActiveCfg = Debug|Any CPU
		{5D08D901-DF99-4BFB-9ADA-45F06A0E2E17}.Debug|Any CPU.Build.0 = Debug|Any CPU
		{5D08D901-DF99-4BFB-9ADA-45F06A0E2E17}.Debug|x64.ActiveCfg = Debug|Any CPU
		{5D08D901-DF99-4BFB-9ADA-45F06A0E2E17}.Debug|x64.Build.0 = Debug|Any CPU
		{5D08D901-DF99-4BFB-9ADA-45F06A0E2E17}.Debug|x86.ActiveCfg = Debug|Any CPU
		{5D08D901-DF99-4BFB-9ADA-45F06A0E2E17}.Debug|x86.Build.0 = Debug|Any CPU
		{5D08D901-DF99-4BFB-9ADA-45F06A0E2E17}.Release|Any CPU.ActiveCfg = Release|Any CPU
		{5D08D901-DF99-4BFB-9ADA-45F06A0E2E17}.Release|Any CPU.Build.0 = Release|Any CPU
		{5D08D901-DF99-4BFB-9ADA-45F06A0E2E17}.Release|x64.ActiveCfg = Release|Any CPU
		{5D08D901-DF99-4BFB-9ADA-45F06A0E2E17}.Release|x64.Build.0 = Release|Any CPU
		{5D08D901-DF99-4BFB-9ADA-45F06A0E2E17}.Release|x86.ActiveCfg = Release|Any CPU
		{5D08D901-DF99-4BFB-9ADA-45F06A0E2E17}.Release|x86.Build.0 = Release|Any CPU
		{D0C8B244-7272-4AE6-91E8-C8348422C092}.Debug|Any CPU.ActiveCfg = Debug|Any CPU
		{D0C8B244-7272-4AE6-91E8-C8348422C092}.Debug|Any CPU.Build.0 = Debug|Any CPU
		{D0C8B244-7272-4AE6-91E8-C8348422C092}.Debug|x64.ActiveCfg = Debug|Any CPU
		{D0C8B244-7272-4AE6-91E8-C8348422C092}.Debug|x64.Build.0 = Debug|Any CPU
		{D0C8B244-7272-4AE6-91E8-C8348422C092}.Debug|x86.ActiveCfg = Debug|Any CPU
		{D0C8B244-7272-4AE6-91E8-C8348422C092}.Debug|x86.Build.0 = Debug|Any CPU
		{D0C8B244-7272-4AE6-91E8-C8348422C092}.Release|Any CPU.ActiveCfg = Release|Any CPU
		{D0C8B244-7272-4AE6-91E8-C8348422C092}.Release|Any CPU.Build.0 = Release|Any CPU
		{D0C8B244-7272-4AE6-91E8-C8348422C092}.Release|x64.ActiveCfg = Release|Any CPU
		{D0C8B244-7272-4AE6-91E8-C8348422C092}.Release|x64.Build.0 = Release|Any CPU
		{D0C8B244-7272-4AE6-91E8-C8348422C092}.Release|x86.ActiveCfg = Release|Any CPU
		{D0C8B244-7272-4AE6-91E8-C8348422C092}.Release|x86.Build.0 = Release|Any CPU
		{B9F53733-F59B-4CE6-92B1-CAC39614F262}.Debug|Any CPU.ActiveCfg = Debug|Any CPU
		{B9F53733-F59B-4CE6-92B1-CAC39614F262}.Debug|Any CPU.Build.0 = Debug|Any CPU
		{B9F53733-F59B-4CE6-92B1-CAC39614F262}.Debug|x64.ActiveCfg = Debug|Any CPU
		{B9F53733-F59B-4CE6-92B1-CAC39614F262}.Debug|x64.Build.0 = Debug|Any CPU
		{B9F53733-F59B-4CE6-92B1-CAC39614F262}.Debug|x86.ActiveCfg = Debug|Any CPU
		{B9F53733-F59B-4CE6-92B1-CAC39614F262}.Debug|x86.Build.0 = Debug|Any CPU
		{B9F53733-F59B-4CE6-92B1-CAC39614F262}.Release|Any CPU.ActiveCfg = Release|Any CPU
		{B9F53733-F59B-4CE6-92B1-CAC39614F262}.Release|Any CPU.Build.0 = Release|Any CPU
		{B9F53733-F59B-4CE6-92B1-CAC39614F262}.Release|x64.ActiveCfg = Release|Any CPU
		{B9F53733-F59B-4CE6-92B1-CAC39614F262}.Release|x64.Build.0 = Release|Any CPU
		{B9F53733-F59B-4CE6-92B1-CAC39614F262}.Release|x86.ActiveCfg = Release|Any CPU
		{B9F53733-F59B-4CE6-92B1-CAC39614F262}.Release|x86.Build.0 = Release|Any CPU
		{F188D626-D611-4A27-A826-08EBB7492142}.Debug|Any CPU.ActiveCfg = Debug|Any CPU
		{F188D626-D611-4A27-A826-08EBB7492142}.Debug|Any CPU.Build.0 = Debug|Any CPU
		{F188D626-D611-4A27-A826-08EBB7492142}.Debug|x64.ActiveCfg = Debug|Any CPU
		{F188D626-D611-4A27-A826-08EBB7492142}.Debug|x64.Build.0 = Debug|Any CPU
		{F188D626-D611-4A27-A826-08EBB7492142}.Debug|x86.ActiveCfg = Debug|Any CPU
		{F188D626-D611-4A27-A826-08EBB7492142}.Debug|x86.Build.0 = Debug|Any CPU
		{F188D626-D611-4A27-A826-08EBB7492142}.Release|Any CPU.ActiveCfg = Release|Any CPU
		{F188D626-D611-4A27-A826-08EBB7492142}.Release|Any CPU.Build.0 = Release|Any CPU
		{F188D626-D611-4A27-A826-08EBB7492142}.Release|x64.ActiveCfg = Release|Any CPU
		{F188D626-D611-4A27-A826-08EBB7492142}.Release|x64.Build.0 = Release|Any CPU
		{F188D626-D611-4A27-A826-08EBB7492142}.Release|x86.ActiveCfg = Release|Any CPU
		{F188D626-D611-4A27-A826-08EBB7492142}.Release|x86.Build.0 = Release|Any CPU
		{DB8E8A63-1555-4FF4-8E6A-0E08F872670A}.Debug|Any CPU.ActiveCfg = Debug|Any CPU
		{DB8E8A63-1555-4FF4-8E6A-0E08F872670A}.Debug|Any CPU.Build.0 = Debug|Any CPU
		{DB8E8A63-1555-4FF4-8E6A-0E08F872670A}.Debug|x64.ActiveCfg = Debug|Any CPU
		{DB8E8A63-1555-4FF4-8E6A-0E08F872670A}.Debug|x64.Build.0 = Debug|Any CPU
		{DB8E8A63-1555-4FF4-8E6A-0E08F872670A}.Debug|x86.ActiveCfg = Debug|Any CPU
		{DB8E8A63-1555-4FF4-8E6A-0E08F872670A}.Debug|x86.Build.0 = Debug|Any CPU
		{DB8E8A63-1555-4FF4-8E6A-0E08F872670A}.Release|Any CPU.ActiveCfg = Release|Any CPU
		{DB8E8A63-1555-4FF4-8E6A-0E08F872670A}.Release|Any CPU.Build.0 = Release|Any CPU
		{DB8E8A63-1555-4FF4-8E6A-0E08F872670A}.Release|x64.ActiveCfg = Release|Any CPU
		{DB8E8A63-1555-4FF4-8E6A-0E08F872670A}.Release|x64.Build.0 = Release|Any CPU
		{DB8E8A63-1555-4FF4-8E6A-0E08F872670A}.Release|x86.ActiveCfg = Release|Any CPU
		{DB8E8A63-1555-4FF4-8E6A-0E08F872670A}.Release|x86.Build.0 = Release|Any CPU
		{F3AA1050-1A55-4C44-885A-7BD74B239416}.Debug|Any CPU.ActiveCfg = Debug|Any CPU
		{F3AA1050-1A55-4C44-885A-7BD74B239416}.Debug|Any CPU.Build.0 = Debug|Any CPU
		{F3AA1050-1A55-4C44-885A-7BD74B239416}.Debug|x64.ActiveCfg = Debug|Any CPU
		{F3AA1050-1A55-4C44-885A-7BD74B239416}.Debug|x64.Build.0 = Debug|Any CPU
		{F3AA1050-1A55-4C44-885A-7BD74B239416}.Debug|x86.ActiveCfg = Debug|Any CPU
		{F3AA1050-1A55-4C44-885A-7BD74B239416}.Debug|x86.Build.0 = Debug|Any CPU
		{F3AA1050-1A55-4C44-885A-7BD74B239416}.Release|Any CPU.ActiveCfg = Release|Any CPU
		{F3AA1050-1A55-4C44-885A-7BD74B239416}.Release|Any CPU.Build.0 = Release|Any CPU
		{F3AA1050-1A55-4C44-885A-7BD74B239416}.Release|x64.ActiveCfg = Release|Any CPU
		{F3AA1050-1A55-4C44-885A-7BD74B239416}.Release|x64.Build.0 = Release|Any CPU
		{F3AA1050-1A55-4C44-885A-7BD74B239416}.Release|x86.ActiveCfg = Release|Any CPU
		{F3AA1050-1A55-4C44-885A-7BD74B239416}.Release|x86.Build.0 = Release|Any CPU
		{B7E0B796-F896-4E11-8749-5AD81883FA56}.Debug|Any CPU.ActiveCfg = Debug|Any CPU
		{B7E0B796-F896-4E11-8749-5AD81883FA56}.Debug|Any CPU.Build.0 = Debug|Any CPU
		{B7E0B796-F896-4E11-8749-5AD81883FA56}.Debug|x64.ActiveCfg = Debug|Any CPU
		{B7E0B796-F896-4E11-8749-5AD81883FA56}.Debug|x64.Build.0 = Debug|Any CPU
		{B7E0B796-F896-4E11-8749-5AD81883FA56}.Debug|x86.ActiveCfg = Debug|Any CPU
		{B7E0B796-F896-4E11-8749-5AD81883FA56}.Debug|x86.Build.0 = Debug|Any CPU
		{B7E0B796-F896-4E11-8749-5AD81883FA56}.Release|Any CPU.ActiveCfg = Release|Any CPU
		{B7E0B796-F896-4E11-8749-5AD81883FA56}.Release|Any CPU.Build.0 = Release|Any CPU
		{B7E0B796-F896-4E11-8749-5AD81883FA56}.Release|x64.ActiveCfg = Release|Any CPU
		{B7E0B796-F896-4E11-8749-5AD81883FA56}.Release|x64.Build.0 = Release|Any CPU
		{B7E0B796-F896-4E11-8749-5AD81883FA56}.Release|x86.ActiveCfg = Release|Any CPU
		{B7E0B796-F896-4E11-8749-5AD81883FA56}.Release|x86.Build.0 = Release|Any CPU
		{FDD1F45C-5340-4C8C-8FEB-EDDA2D815246}.Debug|Any CPU.ActiveCfg = Debug|Any CPU
		{FDD1F45C-5340-4C8C-8FEB-EDDA2D815246}.Debug|Any CPU.Build.0 = Debug|Any CPU
		{FDD1F45C-5340-4C8C-8FEB-EDDA2D815246}.Debug|x64.ActiveCfg = Debug|Any CPU
		{FDD1F45C-5340-4C8C-8FEB-EDDA2D815246}.Debug|x64.Build.0 = Debug|Any CPU
		{FDD1F45C-5340-4C8C-8FEB-EDDA2D815246}.Debug|x86.ActiveCfg = Debug|Any CPU
		{FDD1F45C-5340-4C8C-8FEB-EDDA2D815246}.Debug|x86.Build.0 = Debug|Any CPU
		{FDD1F45C-5340-4C8C-8FEB-EDDA2D815246}.Release|Any CPU.ActiveCfg = Release|Any CPU
		{FDD1F45C-5340-4C8C-8FEB-EDDA2D815246}.Release|Any CPU.Build.0 = Release|Any CPU
		{FDD1F45C-5340-4C8C-8FEB-EDDA2D815246}.Release|x64.ActiveCfg = Release|Any CPU
		{FDD1F45C-5340-4C8C-8FEB-EDDA2D815246}.Release|x64.Build.0 = Release|Any CPU
		{FDD1F45C-5340-4C8C-8FEB-EDDA2D815246}.Release|x86.ActiveCfg = Release|Any CPU
		{FDD1F45C-5340-4C8C-8FEB-EDDA2D815246}.Release|x86.Build.0 = Release|Any CPU
		{74B88601-CFC2-44A1-BA68-14484DCF3C16}.Debug|Any CPU.ActiveCfg = Debug|Any CPU
		{74B88601-CFC2-44A1-BA68-14484DCF3C16}.Debug|Any CPU.Build.0 = Debug|Any CPU
		{74B88601-CFC2-44A1-BA68-14484DCF3C16}.Debug|x64.ActiveCfg = Debug|Any CPU
		{74B88601-CFC2-44A1-BA68-14484DCF3C16}.Debug|x64.Build.0 = Debug|Any CPU
		{74B88601-CFC2-44A1-BA68-14484DCF3C16}.Debug|x86.ActiveCfg = Debug|Any CPU
		{74B88601-CFC2-44A1-BA68-14484DCF3C16}.Debug|x86.Build.0 = Debug|Any CPU
		{74B88601-CFC2-44A1-BA68-14484DCF3C16}.Release|Any CPU.ActiveCfg = Release|Any CPU
		{74B88601-CFC2-44A1-BA68-14484DCF3C16}.Release|Any CPU.Build.0 = Release|Any CPU
		{74B88601-CFC2-44A1-BA68-14484DCF3C16}.Release|x64.ActiveCfg = Release|Any CPU
		{74B88601-CFC2-44A1-BA68-14484DCF3C16}.Release|x64.Build.0 = Release|Any CPU
		{74B88601-CFC2-44A1-BA68-14484DCF3C16}.Release|x86.ActiveCfg = Release|Any CPU
		{74B88601-CFC2-44A1-BA68-14484DCF3C16}.Release|x86.Build.0 = Release|Any CPU
		{09355FA2-102A-4B3A-A451-BC7F06A667C5}.Debug|Any CPU.ActiveCfg = Debug|Any CPU
		{09355FA2-102A-4B3A-A451-BC7F06A667C5}.Debug|Any CPU.Build.0 = Debug|Any CPU
		{09355FA2-102A-4B3A-A451-BC7F06A667C5}.Debug|x64.ActiveCfg = Debug|Any CPU
		{09355FA2-102A-4B3A-A451-BC7F06A667C5}.Debug|x64.Build.0 = Debug|Any CPU
		{09355FA2-102A-4B3A-A451-BC7F06A667C5}.Debug|x86.ActiveCfg = Debug|Any CPU
		{09355FA2-102A-4B3A-A451-BC7F06A667C5}.Debug|x86.Build.0 = Debug|Any CPU
		{09355FA2-102A-4B3A-A451-BC7F06A667C5}.Release|Any CPU.ActiveCfg = Release|Any CPU
		{09355FA2-102A-4B3A-A451-BC7F06A667C5}.Release|Any CPU.Build.0 = Release|Any CPU
		{09355FA2-102A-4B3A-A451-BC7F06A667C5}.Release|x64.ActiveCfg = Release|Any CPU
		{09355FA2-102A-4B3A-A451-BC7F06A667C5}.Release|x64.Build.0 = Release|Any CPU
		{09355FA2-102A-4B3A-A451-BC7F06A667C5}.Release|x86.ActiveCfg = Release|Any CPU
		{09355FA2-102A-4B3A-A451-BC7F06A667C5}.Release|x86.Build.0 = Release|Any CPU
		{16926341-3B56-4502-B94A-538BCBCA9EEC}.Debug|Any CPU.ActiveCfg = Debug|Any CPU
		{16926341-3B56-4502-B94A-538BCBCA9EEC}.Debug|Any CPU.Build.0 = Debug|Any CPU
		{16926341-3B56-4502-B94A-538BCBCA9EEC}.Debug|x64.ActiveCfg = Debug|Any CPU
		{16926341-3B56-4502-B94A-538BCBCA9EEC}.Debug|x64.Build.0 = Debug|Any CPU
		{16926341-3B56-4502-B94A-538BCBCA9EEC}.Debug|x86.ActiveCfg = Debug|Any CPU
		{16926341-3B56-4502-B94A-538BCBCA9EEC}.Debug|x86.Build.0 = Debug|Any CPU
		{16926341-3B56-4502-B94A-538BCBCA9EEC}.Release|Any CPU.ActiveCfg = Release|Any CPU
		{16926341-3B56-4502-B94A-538BCBCA9EEC}.Release|Any CPU.Build.0 = Release|Any CPU
		{16926341-3B56-4502-B94A-538BCBCA9EEC}.Release|x64.ActiveCfg = Release|Any CPU
		{16926341-3B56-4502-B94A-538BCBCA9EEC}.Release|x64.Build.0 = Release|Any CPU
		{16926341-3B56-4502-B94A-538BCBCA9EEC}.Release|x86.ActiveCfg = Release|Any CPU
		{16926341-3B56-4502-B94A-538BCBCA9EEC}.Release|x86.Build.0 = Release|Any CPU
		{F7F79406-60C6-4061-B011-23E9EBC89A04}.Debug|Any CPU.ActiveCfg = Debug|Any CPU
		{F7F79406-60C6-4061-B011-23E9EBC89A04}.Debug|Any CPU.Build.0 = Debug|Any CPU
		{F7F79406-60C6-4061-B011-23E9EBC89A04}.Debug|x64.ActiveCfg = Debug|Any CPU
		{F7F79406-60C6-4061-B011-23E9EBC89A04}.Debug|x64.Build.0 = Debug|Any CPU
		{F7F79406-60C6-4061-B011-23E9EBC89A04}.Debug|x86.ActiveCfg = Debug|Any CPU
		{F7F79406-60C6-4061-B011-23E9EBC89A04}.Debug|x86.Build.0 = Debug|Any CPU
		{F7F79406-60C6-4061-B011-23E9EBC89A04}.Release|Any CPU.ActiveCfg = Release|Any CPU
		{F7F79406-60C6-4061-B011-23E9EBC89A04}.Release|Any CPU.Build.0 = Release|Any CPU
		{F7F79406-60C6-4061-B011-23E9EBC89A04}.Release|x64.ActiveCfg = Release|Any CPU
		{F7F79406-60C6-4061-B011-23E9EBC89A04}.Release|x64.Build.0 = Release|Any CPU
		{F7F79406-60C6-4061-B011-23E9EBC89A04}.Release|x86.ActiveCfg = Release|Any CPU
		{F7F79406-60C6-4061-B011-23E9EBC89A04}.Release|x86.Build.0 = Release|Any CPU
		{7E4D4EEE-3873-4FAB-B779-59BC618B21D1}.Debug|Any CPU.ActiveCfg = Debug|Any CPU
		{7E4D4EEE-3873-4FAB-B779-59BC618B21D1}.Debug|Any CPU.Build.0 = Debug|Any CPU
		{7E4D4EEE-3873-4FAB-B779-59BC618B21D1}.Debug|x64.ActiveCfg = Debug|Any CPU
		{7E4D4EEE-3873-4FAB-B779-59BC618B21D1}.Debug|x64.Build.0 = Debug|Any CPU
		{7E4D4EEE-3873-4FAB-B779-59BC618B21D1}.Debug|x86.ActiveCfg = Debug|Any CPU
		{7E4D4EEE-3873-4FAB-B779-59BC618B21D1}.Debug|x86.Build.0 = Debug|Any CPU
		{7E4D4EEE-3873-4FAB-B779-59BC618B21D1}.Release|Any CPU.ActiveCfg = Release|Any CPU
		{7E4D4EEE-3873-4FAB-B779-59BC618B21D1}.Release|Any CPU.Build.0 = Release|Any CPU
		{7E4D4EEE-3873-4FAB-B779-59BC618B21D1}.Release|x64.ActiveCfg = Release|Any CPU
		{7E4D4EEE-3873-4FAB-B779-59BC618B21D1}.Release|x64.Build.0 = Release|Any CPU
		{7E4D4EEE-3873-4FAB-B779-59BC618B21D1}.Release|x86.ActiveCfg = Release|Any CPU
		{7E4D4EEE-3873-4FAB-B779-59BC618B21D1}.Release|x86.Build.0 = Release|Any CPU
		{BCF5D634-6225-4722-BABD-DB952C8ECAE4}.Debug|Any CPU.ActiveCfg = Debug|Any CPU
		{BCF5D634-6225-4722-BABD-DB952C8ECAE4}.Debug|Any CPU.Build.0 = Debug|Any CPU
		{BCF5D634-6225-4722-BABD-DB952C8ECAE4}.Debug|x64.ActiveCfg = Debug|Any CPU
		{BCF5D634-6225-4722-BABD-DB952C8ECAE4}.Debug|x64.Build.0 = Debug|Any CPU
		{BCF5D634-6225-4722-BABD-DB952C8ECAE4}.Debug|x86.ActiveCfg = Debug|Any CPU
		{BCF5D634-6225-4722-BABD-DB952C8ECAE4}.Debug|x86.Build.0 = Debug|Any CPU
		{BCF5D634-6225-4722-BABD-DB952C8ECAE4}.Release|Any CPU.ActiveCfg = Release|Any CPU
		{BCF5D634-6225-4722-BABD-DB952C8ECAE4}.Release|Any CPU.Build.0 = Release|Any CPU
		{BCF5D634-6225-4722-BABD-DB952C8ECAE4}.Release|x64.ActiveCfg = Release|Any CPU
		{BCF5D634-6225-4722-BABD-DB952C8ECAE4}.Release|x64.Build.0 = Release|Any CPU
		{BCF5D634-6225-4722-BABD-DB952C8ECAE4}.Release|x86.ActiveCfg = Release|Any CPU
		{BCF5D634-6225-4722-BABD-DB952C8ECAE4}.Release|x86.Build.0 = Release|Any CPU
		{332565B0-BDB8-421D-A1C1-E25C656A67C0}.Debug|Any CPU.ActiveCfg = Debug|Any CPU
		{332565B0-BDB8-421D-A1C1-E25C656A67C0}.Debug|Any CPU.Build.0 = Debug|Any CPU
		{332565B0-BDB8-421D-A1C1-E25C656A67C0}.Debug|x64.ActiveCfg = Debug|Any CPU
		{332565B0-BDB8-421D-A1C1-E25C656A67C0}.Debug|x64.Build.0 = Debug|Any CPU
		{332565B0-BDB8-421D-A1C1-E25C656A67C0}.Debug|x86.ActiveCfg = Debug|Any CPU
		{332565B0-BDB8-421D-A1C1-E25C656A67C0}.Debug|x86.Build.0 = Debug|Any CPU
		{332565B0-BDB8-421D-A1C1-E25C656A67C0}.Release|Any CPU.ActiveCfg = Release|Any CPU
		{332565B0-BDB8-421D-A1C1-E25C656A67C0}.Release|Any CPU.Build.0 = Release|Any CPU
		{332565B0-BDB8-421D-A1C1-E25C656A67C0}.Release|x64.ActiveCfg = Release|Any CPU
		{332565B0-BDB8-421D-A1C1-E25C656A67C0}.Release|x64.Build.0 = Release|Any CPU
		{332565B0-BDB8-421D-A1C1-E25C656A67C0}.Release|x86.ActiveCfg = Release|Any CPU
		{332565B0-BDB8-421D-A1C1-E25C656A67C0}.Release|x86.Build.0 = Release|Any CPU
		{E3DEA76A-0D9A-475E-835E-1AE7ED6BB519}.Debug|Any CPU.ActiveCfg = Debug|Any CPU
		{E3DEA76A-0D9A-475E-835E-1AE7ED6BB519}.Debug|Any CPU.Build.0 = Debug|Any CPU
		{E3DEA76A-0D9A-475E-835E-1AE7ED6BB519}.Debug|x64.ActiveCfg = Debug|Any CPU
		{E3DEA76A-0D9A-475E-835E-1AE7ED6BB519}.Debug|x64.Build.0 = Debug|Any CPU
		{E3DEA76A-0D9A-475E-835E-1AE7ED6BB519}.Debug|x86.ActiveCfg = Debug|Any CPU
		{E3DEA76A-0D9A-475E-835E-1AE7ED6BB519}.Debug|x86.Build.0 = Debug|Any CPU
		{E3DEA76A-0D9A-475E-835E-1AE7ED6BB519}.Release|Any CPU.ActiveCfg = Release|Any CPU
		{E3DEA76A-0D9A-475E-835E-1AE7ED6BB519}.Release|Any CPU.Build.0 = Release|Any CPU
		{E3DEA76A-0D9A-475E-835E-1AE7ED6BB519}.Release|x64.ActiveCfg = Release|Any CPU
		{E3DEA76A-0D9A-475E-835E-1AE7ED6BB519}.Release|x64.Build.0 = Release|Any CPU
		{E3DEA76A-0D9A-475E-835E-1AE7ED6BB519}.Release|x86.ActiveCfg = Release|Any CPU
		{E3DEA76A-0D9A-475E-835E-1AE7ED6BB519}.Release|x86.Build.0 = Release|Any CPU
		{60A998B0-DDBC-43AB-B759-63CB9B6D0986}.Debug|Any CPU.ActiveCfg = Debug|Any CPU
		{60A998B0-DDBC-43AB-B759-63CB9B6D0986}.Debug|Any CPU.Build.0 = Debug|Any CPU
		{60A998B0-DDBC-43AB-B759-63CB9B6D0986}.Debug|x64.ActiveCfg = Debug|Any CPU
		{60A998B0-DDBC-43AB-B759-63CB9B6D0986}.Debug|x64.Build.0 = Debug|Any CPU
		{60A998B0-DDBC-43AB-B759-63CB9B6D0986}.Debug|x86.ActiveCfg = Debug|Any CPU
		{60A998B0-DDBC-43AB-B759-63CB9B6D0986}.Debug|x86.Build.0 = Debug|Any CPU
		{60A998B0-DDBC-43AB-B759-63CB9B6D0986}.Release|Any CPU.ActiveCfg = Release|Any CPU
		{60A998B0-DDBC-43AB-B759-63CB9B6D0986}.Release|Any CPU.Build.0 = Release|Any CPU
		{60A998B0-DDBC-43AB-B759-63CB9B6D0986}.Release|x64.ActiveCfg = Release|Any CPU
		{60A998B0-DDBC-43AB-B759-63CB9B6D0986}.Release|x64.Build.0 = Release|Any CPU
		{60A998B0-DDBC-43AB-B759-63CB9B6D0986}.Release|x86.ActiveCfg = Release|Any CPU
		{60A998B0-DDBC-43AB-B759-63CB9B6D0986}.Release|x86.Build.0 = Release|Any CPU
		{969A4853-D0F2-4F6A-9C9C-CB5EB660BFB8}.Debug|Any CPU.ActiveCfg = Debug|Any CPU
		{969A4853-D0F2-4F6A-9C9C-CB5EB660BFB8}.Debug|Any CPU.Build.0 = Debug|Any CPU
		{969A4853-D0F2-4F6A-9C9C-CB5EB660BFB8}.Debug|x64.ActiveCfg = Debug|Any CPU
		{969A4853-D0F2-4F6A-9C9C-CB5EB660BFB8}.Debug|x64.Build.0 = Debug|Any CPU
		{969A4853-D0F2-4F6A-9C9C-CB5EB660BFB8}.Debug|x86.ActiveCfg = Debug|Any CPU
		{969A4853-D0F2-4F6A-9C9C-CB5EB660BFB8}.Debug|x86.Build.0 = Debug|Any CPU
		{969A4853-D0F2-4F6A-9C9C-CB5EB660BFB8}.Release|Any CPU.ActiveCfg = Release|Any CPU
		{969A4853-D0F2-4F6A-9C9C-CB5EB660BFB8}.Release|Any CPU.Build.0 = Release|Any CPU
		{969A4853-D0F2-4F6A-9C9C-CB5EB660BFB8}.Release|x64.ActiveCfg = Release|Any CPU
		{969A4853-D0F2-4F6A-9C9C-CB5EB660BFB8}.Release|x64.Build.0 = Release|Any CPU
		{969A4853-D0F2-4F6A-9C9C-CB5EB660BFB8}.Release|x86.ActiveCfg = Release|Any CPU
		{969A4853-D0F2-4F6A-9C9C-CB5EB660BFB8}.Release|x86.Build.0 = Release|Any CPU
		{9E335E10-091D-4C14-B8AC-0CCAA511AF16}.Debug|Any CPU.ActiveCfg = Debug|Any CPU
		{9E335E10-091D-4C14-B8AC-0CCAA511AF16}.Debug|Any CPU.Build.0 = Debug|Any CPU
		{9E335E10-091D-4C14-B8AC-0CCAA511AF16}.Debug|x64.ActiveCfg = Debug|Any CPU
		{9E335E10-091D-4C14-B8AC-0CCAA511AF16}.Debug|x64.Build.0 = Debug|Any CPU
		{9E335E10-091D-4C14-B8AC-0CCAA511AF16}.Debug|x86.ActiveCfg = Debug|Any CPU
		{9E335E10-091D-4C14-B8AC-0CCAA511AF16}.Debug|x86.Build.0 = Debug|Any CPU
		{9E335E10-091D-4C14-B8AC-0CCAA511AF16}.Release|Any CPU.ActiveCfg = Release|Any CPU
		{9E335E10-091D-4C14-B8AC-0CCAA511AF16}.Release|Any CPU.Build.0 = Release|Any CPU
		{9E335E10-091D-4C14-B8AC-0CCAA511AF16}.Release|x64.ActiveCfg = Release|Any CPU
		{9E335E10-091D-4C14-B8AC-0CCAA511AF16}.Release|x64.Build.0 = Release|Any CPU
		{9E335E10-091D-4C14-B8AC-0CCAA511AF16}.Release|x86.ActiveCfg = Release|Any CPU
		{9E335E10-091D-4C14-B8AC-0CCAA511AF16}.Release|x86.Build.0 = Release|Any CPU
		{0BE93815-7F3B-4E43-A7D8-BC7C9A0B4551}.Debug|Any CPU.ActiveCfg = Debug|Any CPU
		{0BE93815-7F3B-4E43-A7D8-BC7C9A0B4551}.Debug|Any CPU.Build.0 = Debug|Any CPU
		{0BE93815-7F3B-4E43-A7D8-BC7C9A0B4551}.Debug|x64.ActiveCfg = Debug|Any CPU
		{0BE93815-7F3B-4E43-A7D8-BC7C9A0B4551}.Debug|x64.Build.0 = Debug|Any CPU
		{0BE93815-7F3B-4E43-A7D8-BC7C9A0B4551}.Debug|x86.ActiveCfg = Debug|Any CPU
		{0BE93815-7F3B-4E43-A7D8-BC7C9A0B4551}.Debug|x86.Build.0 = Debug|Any CPU
		{0BE93815-7F3B-4E43-A7D8-BC7C9A0B4551}.Release|Any CPU.ActiveCfg = Release|Any CPU
		{0BE93815-7F3B-4E43-A7D8-BC7C9A0B4551}.Release|Any CPU.Build.0 = Release|Any CPU
		{0BE93815-7F3B-4E43-A7D8-BC7C9A0B4551}.Release|x64.ActiveCfg = Release|Any CPU
		{0BE93815-7F3B-4E43-A7D8-BC7C9A0B4551}.Release|x64.Build.0 = Release|Any CPU
		{0BE93815-7F3B-4E43-A7D8-BC7C9A0B4551}.Release|x86.ActiveCfg = Release|Any CPU
		{0BE93815-7F3B-4E43-A7D8-BC7C9A0B4551}.Release|x86.Build.0 = Release|Any CPU
		{DCD3577B-6D5A-4C01-8930-67D07A6063D7}.Debug|Any CPU.ActiveCfg = Debug|Any CPU
		{DCD3577B-6D5A-4C01-8930-67D07A6063D7}.Debug|Any CPU.Build.0 = Debug|Any CPU
		{DCD3577B-6D5A-4C01-8930-67D07A6063D7}.Debug|x64.ActiveCfg = Debug|Any CPU
		{DCD3577B-6D5A-4C01-8930-67D07A6063D7}.Debug|x64.Build.0 = Debug|Any CPU
		{DCD3577B-6D5A-4C01-8930-67D07A6063D7}.Debug|x86.ActiveCfg = Debug|Any CPU
		{DCD3577B-6D5A-4C01-8930-67D07A6063D7}.Debug|x86.Build.0 = Debug|Any CPU
		{DCD3577B-6D5A-4C01-8930-67D07A6063D7}.Release|Any CPU.ActiveCfg = Release|Any CPU
		{DCD3577B-6D5A-4C01-8930-67D07A6063D7}.Release|Any CPU.Build.0 = Release|Any CPU
		{DCD3577B-6D5A-4C01-8930-67D07A6063D7}.Release|x64.ActiveCfg = Release|Any CPU
		{DCD3577B-6D5A-4C01-8930-67D07A6063D7}.Release|x64.Build.0 = Release|Any CPU
		{DCD3577B-6D5A-4C01-8930-67D07A6063D7}.Release|x86.ActiveCfg = Release|Any CPU
		{DCD3577B-6D5A-4C01-8930-67D07A6063D7}.Release|x86.Build.0 = Release|Any CPU
		{2030AD82-4411-448B-B76F-B78B7EF1A89F}.Debug|Any CPU.ActiveCfg = Debug|Any CPU
		{2030AD82-4411-448B-B76F-B78B7EF1A89F}.Debug|Any CPU.Build.0 = Debug|Any CPU
		{2030AD82-4411-448B-B76F-B78B7EF1A89F}.Debug|x64.ActiveCfg = Debug|Any CPU
		{2030AD82-4411-448B-B76F-B78B7EF1A89F}.Debug|x64.Build.0 = Debug|Any CPU
		{2030AD82-4411-448B-B76F-B78B7EF1A89F}.Debug|x86.ActiveCfg = Debug|Any CPU
		{2030AD82-4411-448B-B76F-B78B7EF1A89F}.Debug|x86.Build.0 = Debug|Any CPU
		{2030AD82-4411-448B-B76F-B78B7EF1A89F}.Release|Any CPU.ActiveCfg = Release|Any CPU
		{2030AD82-4411-448B-B76F-B78B7EF1A89F}.Release|Any CPU.Build.0 = Release|Any CPU
		{2030AD82-4411-448B-B76F-B78B7EF1A89F}.Release|x64.ActiveCfg = Release|Any CPU
		{2030AD82-4411-448B-B76F-B78B7EF1A89F}.Release|x64.Build.0 = Release|Any CPU
		{2030AD82-4411-448B-B76F-B78B7EF1A89F}.Release|x86.ActiveCfg = Release|Any CPU
		{2030AD82-4411-448B-B76F-B78B7EF1A89F}.Release|x86.Build.0 = Release|Any CPU
		{96307F9E-35DB-4F27-8D69-22F505B08F3C}.Debug|Any CPU.ActiveCfg = Debug|Any CPU
		{96307F9E-35DB-4F27-8D69-22F505B08F3C}.Debug|Any CPU.Build.0 = Debug|Any CPU
		{96307F9E-35DB-4F27-8D69-22F505B08F3C}.Debug|x64.ActiveCfg = Debug|Any CPU
		{96307F9E-35DB-4F27-8D69-22F505B08F3C}.Debug|x64.Build.0 = Debug|Any CPU
		{96307F9E-35DB-4F27-8D69-22F505B08F3C}.Debug|x86.ActiveCfg = Debug|Any CPU
		{96307F9E-35DB-4F27-8D69-22F505B08F3C}.Debug|x86.Build.0 = Debug|Any CPU
		{96307F9E-35DB-4F27-8D69-22F505B08F3C}.Release|Any CPU.ActiveCfg = Release|Any CPU
		{96307F9E-35DB-4F27-8D69-22F505B08F3C}.Release|Any CPU.Build.0 = Release|Any CPU
		{96307F9E-35DB-4F27-8D69-22F505B08F3C}.Release|x64.ActiveCfg = Release|Any CPU
		{96307F9E-35DB-4F27-8D69-22F505B08F3C}.Release|x64.Build.0 = Release|Any CPU
		{96307F9E-35DB-4F27-8D69-22F505B08F3C}.Release|x86.ActiveCfg = Release|Any CPU
		{96307F9E-35DB-4F27-8D69-22F505B08F3C}.Release|x86.Build.0 = Release|Any CPU
		{C5451035-6B2A-4F13-8BA3-4BE0DEC605DB}.Debug|Any CPU.ActiveCfg = Debug|Any CPU
		{C5451035-6B2A-4F13-8BA3-4BE0DEC605DB}.Debug|Any CPU.Build.0 = Debug|Any CPU
		{C5451035-6B2A-4F13-8BA3-4BE0DEC605DB}.Debug|x64.ActiveCfg = Debug|Any CPU
		{C5451035-6B2A-4F13-8BA3-4BE0DEC605DB}.Debug|x64.Build.0 = Debug|Any CPU
		{C5451035-6B2A-4F13-8BA3-4BE0DEC605DB}.Debug|x86.ActiveCfg = Debug|Any CPU
		{C5451035-6B2A-4F13-8BA3-4BE0DEC605DB}.Debug|x86.Build.0 = Debug|Any CPU
		{C5451035-6B2A-4F13-8BA3-4BE0DEC605DB}.Release|Any CPU.ActiveCfg = Release|Any CPU
		{C5451035-6B2A-4F13-8BA3-4BE0DEC605DB}.Release|Any CPU.Build.0 = Release|Any CPU
		{C5451035-6B2A-4F13-8BA3-4BE0DEC605DB}.Release|x64.ActiveCfg = Release|Any CPU
		{C5451035-6B2A-4F13-8BA3-4BE0DEC605DB}.Release|x64.Build.0 = Release|Any CPU
		{C5451035-6B2A-4F13-8BA3-4BE0DEC605DB}.Release|x86.ActiveCfg = Release|Any CPU
		{C5451035-6B2A-4F13-8BA3-4BE0DEC605DB}.Release|x86.Build.0 = Release|Any CPU
		{F2437A8D-E67C-406F-BEF9-2DA8B20FBD62}.Debug|Any CPU.ActiveCfg = Debug|Any CPU
		{F2437A8D-E67C-406F-BEF9-2DA8B20FBD62}.Debug|Any CPU.Build.0 = Debug|Any CPU
		{F2437A8D-E67C-406F-BEF9-2DA8B20FBD62}.Debug|x64.ActiveCfg = Debug|Any CPU
		{F2437A8D-E67C-406F-BEF9-2DA8B20FBD62}.Debug|x64.Build.0 = Debug|Any CPU
		{F2437A8D-E67C-406F-BEF9-2DA8B20FBD62}.Debug|x86.ActiveCfg = Debug|Any CPU
		{F2437A8D-E67C-406F-BEF9-2DA8B20FBD62}.Debug|x86.Build.0 = Debug|Any CPU
		{F2437A8D-E67C-406F-BEF9-2DA8B20FBD62}.Release|Any CPU.ActiveCfg = Release|Any CPU
		{F2437A8D-E67C-406F-BEF9-2DA8B20FBD62}.Release|Any CPU.Build.0 = Release|Any CPU
		{F2437A8D-E67C-406F-BEF9-2DA8B20FBD62}.Release|x64.ActiveCfg = Release|Any CPU
		{F2437A8D-E67C-406F-BEF9-2DA8B20FBD62}.Release|x64.Build.0 = Release|Any CPU
		{F2437A8D-E67C-406F-BEF9-2DA8B20FBD62}.Release|x86.ActiveCfg = Release|Any CPU
		{F2437A8D-E67C-406F-BEF9-2DA8B20FBD62}.Release|x86.Build.0 = Release|Any CPU
		{0F6E1477-68A2-4DE7-A025-793E12FF9016}.Debug|Any CPU.ActiveCfg = Debug|Any CPU
		{0F6E1477-68A2-4DE7-A025-793E12FF9016}.Debug|Any CPU.Build.0 = Debug|Any CPU
		{0F6E1477-68A2-4DE7-A025-793E12FF9016}.Debug|x64.ActiveCfg = Debug|Any CPU
		{0F6E1477-68A2-4DE7-A025-793E12FF9016}.Debug|x64.Build.0 = Debug|Any CPU
		{0F6E1477-68A2-4DE7-A025-793E12FF9016}.Debug|x86.ActiveCfg = Debug|Any CPU
		{0F6E1477-68A2-4DE7-A025-793E12FF9016}.Debug|x86.Build.0 = Debug|Any CPU
		{0F6E1477-68A2-4DE7-A025-793E12FF9016}.Release|Any CPU.ActiveCfg = Release|Any CPU
		{0F6E1477-68A2-4DE7-A025-793E12FF9016}.Release|Any CPU.Build.0 = Release|Any CPU
		{0F6E1477-68A2-4DE7-A025-793E12FF9016}.Release|x64.ActiveCfg = Release|Any CPU
		{0F6E1477-68A2-4DE7-A025-793E12FF9016}.Release|x64.Build.0 = Release|Any CPU
		{0F6E1477-68A2-4DE7-A025-793E12FF9016}.Release|x86.ActiveCfg = Release|Any CPU
		{0F6E1477-68A2-4DE7-A025-793E12FF9016}.Release|x86.Build.0 = Release|Any CPU
		{D3C7601B-3005-4ED4-A367-E760807330EC}.Debug|Any CPU.ActiveCfg = Debug|Any CPU
		{D3C7601B-3005-4ED4-A367-E760807330EC}.Debug|Any CPU.Build.0 = Debug|Any CPU
		{D3C7601B-3005-4ED4-A367-E760807330EC}.Debug|x64.ActiveCfg = Debug|Any CPU
		{D3C7601B-3005-4ED4-A367-E760807330EC}.Debug|x64.Build.0 = Debug|Any CPU
		{D3C7601B-3005-4ED4-A367-E760807330EC}.Debug|x86.ActiveCfg = Debug|Any CPU
		{D3C7601B-3005-4ED4-A367-E760807330EC}.Debug|x86.Build.0 = Debug|Any CPU
		{D3C7601B-3005-4ED4-A367-E760807330EC}.Release|Any CPU.ActiveCfg = Release|Any CPU
		{D3C7601B-3005-4ED4-A367-E760807330EC}.Release|Any CPU.Build.0 = Release|Any CPU
		{D3C7601B-3005-4ED4-A367-E760807330EC}.Release|x64.ActiveCfg = Release|Any CPU
		{D3C7601B-3005-4ED4-A367-E760807330EC}.Release|x64.Build.0 = Release|Any CPU
		{D3C7601B-3005-4ED4-A367-E760807330EC}.Release|x86.ActiveCfg = Release|Any CPU
		{D3C7601B-3005-4ED4-A367-E760807330EC}.Release|x86.Build.0 = Release|Any CPU
		{A446513A-8913-436A-B979-830A68FDDF52}.Debug|Any CPU.ActiveCfg = Debug|Any CPU
		{A446513A-8913-436A-B979-830A68FDDF52}.Debug|Any CPU.Build.0 = Debug|Any CPU
		{A446513A-8913-436A-B979-830A68FDDF52}.Debug|x64.ActiveCfg = Debug|Any CPU
		{A446513A-8913-436A-B979-830A68FDDF52}.Debug|x64.Build.0 = Debug|Any CPU
		{A446513A-8913-436A-B979-830A68FDDF52}.Debug|x86.ActiveCfg = Debug|Any CPU
		{A446513A-8913-436A-B979-830A68FDDF52}.Debug|x86.Build.0 = Debug|Any CPU
		{A446513A-8913-436A-B979-830A68FDDF52}.Release|Any CPU.ActiveCfg = Release|Any CPU
		{A446513A-8913-436A-B979-830A68FDDF52}.Release|Any CPU.Build.0 = Release|Any CPU
		{A446513A-8913-436A-B979-830A68FDDF52}.Release|x64.ActiveCfg = Release|Any CPU
		{A446513A-8913-436A-B979-830A68FDDF52}.Release|x64.Build.0 = Release|Any CPU
		{A446513A-8913-436A-B979-830A68FDDF52}.Release|x86.ActiveCfg = Release|Any CPU
		{A446513A-8913-436A-B979-830A68FDDF52}.Release|x86.Build.0 = Release|Any CPU
		{6E4452C3-15C8-41E2-BF5C-4F455799DC5E}.Debug|Any CPU.ActiveCfg = Debug|Any CPU
		{6E4452C3-15C8-41E2-BF5C-4F455799DC5E}.Debug|Any CPU.Build.0 = Debug|Any CPU
		{6E4452C3-15C8-41E2-BF5C-4F455799DC5E}.Debug|x64.ActiveCfg = Debug|Any CPU
		{6E4452C3-15C8-41E2-BF5C-4F455799DC5E}.Debug|x64.Build.0 = Debug|Any CPU
		{6E4452C3-15C8-41E2-BF5C-4F455799DC5E}.Debug|x86.ActiveCfg = Debug|Any CPU
		{6E4452C3-15C8-41E2-BF5C-4F455799DC5E}.Debug|x86.Build.0 = Debug|Any CPU
		{6E4452C3-15C8-41E2-BF5C-4F455799DC5E}.Release|Any CPU.ActiveCfg = Release|Any CPU
		{6E4452C3-15C8-41E2-BF5C-4F455799DC5E}.Release|Any CPU.Build.0 = Release|Any CPU
		{6E4452C3-15C8-41E2-BF5C-4F455799DC5E}.Release|x64.ActiveCfg = Release|Any CPU
		{6E4452C3-15C8-41E2-BF5C-4F455799DC5E}.Release|x64.Build.0 = Release|Any CPU
		{6E4452C3-15C8-41E2-BF5C-4F455799DC5E}.Release|x86.ActiveCfg = Release|Any CPU
		{6E4452C3-15C8-41E2-BF5C-4F455799DC5E}.Release|x86.Build.0 = Release|Any CPU
		{39CB2FAA-BE52-47EA-8958-66E40B9DF0D7}.Debug|Any CPU.ActiveCfg = Debug|Any CPU
		{39CB2FAA-BE52-47EA-8958-66E40B9DF0D7}.Debug|Any CPU.Build.0 = Debug|Any CPU
		{39CB2FAA-BE52-47EA-8958-66E40B9DF0D7}.Debug|x64.ActiveCfg = Debug|Any CPU
		{39CB2FAA-BE52-47EA-8958-66E40B9DF0D7}.Debug|x64.Build.0 = Debug|Any CPU
		{39CB2FAA-BE52-47EA-8958-66E40B9DF0D7}.Debug|x86.ActiveCfg = Debug|Any CPU
		{39CB2FAA-BE52-47EA-8958-66E40B9DF0D7}.Debug|x86.Build.0 = Debug|Any CPU
		{39CB2FAA-BE52-47EA-8958-66E40B9DF0D7}.Release|Any CPU.ActiveCfg = Release|Any CPU
		{39CB2FAA-BE52-47EA-8958-66E40B9DF0D7}.Release|Any CPU.Build.0 = Release|Any CPU
		{39CB2FAA-BE52-47EA-8958-66E40B9DF0D7}.Release|x64.ActiveCfg = Release|Any CPU
		{39CB2FAA-BE52-47EA-8958-66E40B9DF0D7}.Release|x64.Build.0 = Release|Any CPU
		{39CB2FAA-BE52-47EA-8958-66E40B9DF0D7}.Release|x86.ActiveCfg = Release|Any CPU
		{39CB2FAA-BE52-47EA-8958-66E40B9DF0D7}.Release|x86.Build.0 = Release|Any CPU
		{80EA9BBD-F954-4E30-85C7-53166392BF32}.Debug|Any CPU.ActiveCfg = Debug|Any CPU
		{80EA9BBD-F954-4E30-85C7-53166392BF32}.Debug|Any CPU.Build.0 = Debug|Any CPU
		{80EA9BBD-F954-4E30-85C7-53166392BF32}.Debug|x64.ActiveCfg = Debug|Any CPU
		{80EA9BBD-F954-4E30-85C7-53166392BF32}.Debug|x64.Build.0 = Debug|Any CPU
		{80EA9BBD-F954-4E30-85C7-53166392BF32}.Debug|x86.ActiveCfg = Debug|Any CPU
		{80EA9BBD-F954-4E30-85C7-53166392BF32}.Debug|x86.Build.0 = Debug|Any CPU
		{80EA9BBD-F954-4E30-85C7-53166392BF32}.Release|Any CPU.ActiveCfg = Release|Any CPU
		{80EA9BBD-F954-4E30-85C7-53166392BF32}.Release|Any CPU.Build.0 = Release|Any CPU
		{80EA9BBD-F954-4E30-85C7-53166392BF32}.Release|x64.ActiveCfg = Release|Any CPU
		{80EA9BBD-F954-4E30-85C7-53166392BF32}.Release|x64.Build.0 = Release|Any CPU
		{80EA9BBD-F954-4E30-85C7-53166392BF32}.Release|x86.ActiveCfg = Release|Any CPU
		{80EA9BBD-F954-4E30-85C7-53166392BF32}.Release|x86.Build.0 = Release|Any CPU
	EndGlobalSection
	GlobalSection(SolutionProperties) = preSolution
		HideSolutionNode = FALSE
	EndGlobalSection
	GlobalSection(NestedProjects) = preSolution
		{DCD3577B-6D5A-4C01-8930-67D07A6063D7} = {B36A84DF-456D-A817-6EDD-3EC3E7F6E11F}
		{2030AD82-4411-448B-B76F-B78B7EF1A89F} = {B36A84DF-456D-A817-6EDD-3EC3E7F6E11F}
		{96307F9E-35DB-4F27-8D69-22F505B08F3C} = {B36A84DF-456D-A817-6EDD-3EC3E7F6E11F}
		{C5451035-6B2A-4F13-8BA3-4BE0DEC605DB} = {B36A84DF-456D-A817-6EDD-3EC3E7F6E11F}
		{F2437A8D-E67C-406F-BEF9-2DA8B20FBD62} = {B36A84DF-456D-A817-6EDD-3EC3E7F6E11F}
	EndGlobalSection
EndGlobal
