
Microsoft Visual Studio Solution File, Format Version 12.00
Project("{FAE04EC0-301F-11D3-BF4B-00C04F79EFBC}") = "Mews", "Mews\Mews.csproj", "{6E3E5182-C03B-4955-8FD7-B84A2D84DF96}"
EndProject
Project("{FAE04EC0-301F-11D3-BF4B-00C04F79EFBC}") = "Mews.Plugins.Abstractions", "Mews.Plugins.Abstractions\Mews.Plugins.Abstractions.csproj", "{24C81FA1-6A3D-4C1C-BCC2-3CE66A1F7FA1}"
EndProject
Project("{FAE04EC0-301F-11D3-BF4B-00C04F79EFBC}") = "Mews.Plugins.TelegramPoster", "Mews.Plugins.TelegramPoster\Mews.Plugins.TelegramPoster.csproj", "{9AEAD5B2-69CA-4208-B0C8-7CA259003A65}"
EndProject
Project("{FAE04EC0-301F-11D3-BF4B-00C04F79EFBC}") = "Mews.Plugins.Purrge", "Mews.Plugins.Purrge\Mews.Plugins.Purrge.csproj", "{DE4A25BA-43D4-4740-8108-8B15A15A2B5E}"
EndProject
Project("{FAE04EC0-301F-11D3-BF4B-00C04F79EFBC}") = "Mews.Tests", "Mews.Tests\Mews.Tests.csproj", "{9E9F028F-3C23-4537-A1C3-9611503DB767}"
EndProject
Project("{FAE04EC0-301F-11D3-BF4B-00C04F79EFBC}") = "Mews.Bot.Core", "Mews.Bot.Core\Mews.Bot.Core.csproj", "{37FF19F4-C0AF-4D09-A3B5-0E4D33904585}"
EndProject
Project("{FAE04EC0-301F-11D3-BF4B-00C04F79EFBC}") = "Mews.Plugins.Kibble", "Mews.Plugins.Kibble\Mews.Plugins.Kibble.csproj", "{5D08D901-DF99-4BFB-9ADA-45F06A0E2E17}"
EndProject
Project("{FAE04EC0-301F-11D3-BF4B-00C04F79EFBC}") = "Mews.Disk", "Mews.Disk\Mews.Disk.csproj", "{D0C8B244-7272-4AE6-91E8-C8348422C092}"
EndProject
Project("{FAE04EC0-301F-11D3-BF4B-00C04F79EFBC}") = "Mews.Plugins.Chonk", "Mews.Plugins.Chonk\Mews.Plugins.Chonk.csproj", "{B9F53733-F59B-4CE6-92B1-CAC39614F262}"
EndProject
Project("{FAE04EC0-301F-11D3-BF4B-00C04F79EFBC}") = "Mews.Plugins.Litter", "Mews.Plugins.Litter\Mews.Plugins.Litter.csproj", "{F188D626-D611-4A27-A826-08EBB7492142}"
EndProject
Project("{FAE04EC0-301F-11D3-BF4B-00C04F79EFBC}") = "Mews.Plugins.Molt", "Mews.Plugins.Molt\Mews.Plugins.Molt.csproj", "{DB8E8A63-1555-4FF4-8E6A-0E08F872670A}"
EndProject
Project("{FAE04EC0-301F-11D3-BF4B-00C04F79EFBC}") = "Mews.Plugins.Saucer", "Mews.Plugins.Saucer\Mews.Plugins.Saucer.csproj", "{F3AA1050-1A55-4C44-885A-7BD74B239416}"
EndProject
Project("{FAE04EC0-301F-11D3-BF4B-00C04F79EFBC}") = "Mews.Plugins.Mouser", "Mews.Plugins.Mouser\Mews.Plugins.Mouser.csproj", "{B7E0B796-F896-4E11-8749-5AD81883FA56}"
EndProject
Global
	GlobalSection(SolutionConfigurationPlatforms) = preSolution
		Debug|Any CPU = Debug|Any CPU
		Debug|x64 = Debug|x64
		Debug|x86 = Debug|x86
		Release|Any CPU = Release|Any CPU
		Release|x64 = Release|x64
		Release|x86 = Release|x86
	EndGlobalSection
	GlobalSection(ProjectConfigurationPlatforms) = postSolution
		{6E3E5182-C03B-4955-8FD7-B84A2D84DF96}.Debug|Any CPU.ActiveCfg = Debug|Any CPU
		{6E3E5182-C03B-4955-8FD7-B84A2D84DF96}.Debug|Any CPU.Build.0 = Debug|Any CPU
		{6E3E5182-C03B-4955-8FD7-B84A2D84DF96}.Debug|x64.ActiveCfg = Debug|Any CPU
		{6E3E5182-C03B-4955-8FD7-B84A2D84DF96}.Debug|x64.Build.0 = Debug|Any CPU
		{6E3E5182-C03B-4955-8FD7-B84A2D84DF96}.Debug|x86.ActiveCfg = Debug|Any CPU
		{6E3E5182-C03B-4955-8FD7-B84A2D84DF96}.Debug|x86.Build.0 = Debug|Any CPU
		{6E3E5182-C03B-4955-8FD7-B84A2D84DF96}.Release|Any CPU.ActiveCfg = Release|Any CPU
		{6E3E5182-C03B-4955-8FD7-B84A2D84DF96}.Release|Any CPU.Build.0 = Release|Any CPU
		{6E3E5182-C03B-4955-8FD7-B84A2D84DF96}.Release|x64.ActiveCfg = Release|Any CPU
		{6E3E5182-C03B-4955-8FD7-B84A2D84DF96}.Release|x64.Build.0 = Release|Any CPU
		{6E3E5182-C03B-4955-8FD7-B84A2D84DF96}.Release|x86.ActiveCfg = Release|Any CPU
		{6E3E5182-C03B-4955-8FD7-B84A2D84DF96}.Release|x86.Build.0 = Release|Any CPU
		{24C81FA1-6A3D-4C1C-BCC2-3CE66A1F7FA1}.Debug|Any CPU.ActiveCfg = Debug|Any CPU
		{24C81FA1-6A3D-4C1C-BCC2-3CE66A1F7FA1}.Debug|Any CPU.Build.0 = Debug|Any CPU
		{24C81FA1-6A3D-4C1C-BCC2-3CE66A1F7FA1}.Debug|x64.ActiveCfg = Debug|Any CPU
		{24C81FA1-6A3D-4C1C-BCC2-3CE66A1F7FA1}.Debug|x64.Build.0 = Debug|Any CPU
		{24C81FA1-6A3D-4C1C-BCC2-3CE66A1F7FA1}.Debug|x86.ActiveCfg = Debug|Any CPU
		{24C81FA1-6A3D-4C1C-BCC2-3CE66A1F7FA1}.Debug|x86.Build.0 = Debug|Any CPU
		{24C81FA1-6A3D-4C1C-BCC2-3CE66A1F7FA1}.Release|Any CPU.ActiveCfg = Release|Any CPU
		{24C81FA1-6A3D-4C1C-BCC2-3CE66A1F7FA1}.Release|Any CPU.Build.0 = Release|Any CPU
		{24C81FA1-6A3D-4C1C-BCC2-3CE66A1F7FA1}.Release|x64.ActiveCfg = Release|Any CPU
		{24C81FA1-6A3D-4C1C-BCC2-3CE66A1F7FA1}.Release|x64.Build.0 = Release|Any CPU
		{24C81FA1-6A3D-4C1C-BCC2-3CE66A1F7FA1}.Release|x86.ActiveCfg = Release|Any CPU
		{24C81FA1-6A3D-4C1C-BCC2-3CE66A1F7FA1}.Release|x86.Build.0 = Release|Any CPU
		{9AEAD5B2-69CA-4208-B0C8-7CA259003A65}.Debug|Any CPU.ActiveCfg = Debug|Any CPU
		{9AEAD5B2-69CA-4208-B0C8-7CA259003A65}.Debug|Any CPU.Build.0 = Debug|Any CPU
		{9AEAD5B2-69CA-4208-B0C8-7CA259003A65}.Debug|x64.ActiveCfg = Debug|Any CPU
		{9AEAD5B2-69CA-4208-B0C8-7CA259003A65}.Debug|x64.Build.0 = Debug|Any CPU
		{9AEAD5B2-69CA-4208-B0C8-7CA259003A65}.Debug|x86.ActiveCfg = Debug|Any CPU
		{9AEAD5B2-69CA-4208-B0C8-7CA259003A65}.Debug|x86.Build.0 = Debug|Any CPU
		{9AEAD5B2-69CA-4208-B0C8-7CA259003A65}.Release|Any CPU.ActiveCfg = Release|Any CPU
		{9AEAD5B2-69CA-4208-B0C8-7CA259003A65}.Release|Any CPU.Build.0 = Release|Any CPU
		{9AEAD5B2-69CA-4208-B0C8-7CA259003A65}.Release|x64.ActiveCfg = Release|Any CPU
		{9AEAD5B2-69CA-4208-B0C8-7CA259003A65}.Release|x64.Build.0 = Release|Any CPU
		{9AEAD5B2-69CA-4208-B0C8-7CA259003A65}.Release|x86.ActiveCfg = Release|Any CPU
		{9AEAD5B2-69CA-4208-B0C8-7CA259003A65}.Release|x86.Build.0 = Release|Any CPU
		{DE4A25BA-43D4-4740-8108-8B15A15A2B5E}.Debug|Any CPU.ActiveCfg = Debug|Any CPU
		{DE4A25BA-43D4-4740-8108-8B15A15A2B5E}.Debug|Any CPU.Build.0 = Debug|Any CPU
		{DE4A25BA-43D4-4740-8108-8B15A15A2B5E}.Debug|x64.ActiveCfg = Debug|Any CPU
		{DE4A25BA-43D4-4740-8108-8B15A15A2B5E}.Debug|x64.Build.0 = Debug|Any CPU
		{DE4A25BA-43D4-4740-8108-8B15A15A2B5E}.Debug|x86.ActiveCfg = Debug|Any CPU
		{DE4A25BA-43D4-4740-8108-8B15A15A2B5E}.Debug|x86.Build.0 = Debug|Any CPU
		{DE4A25BA-43D4-4740-8108-8B15A15A2B5E}.Release|Any CPU.ActiveCfg = Release|Any CPU
		{DE4A25BA-43D4-4740-8108-8B15A15A2B5E}.Release|Any CPU.Build.0 = Release|Any CPU
		{DE4A25BA-43D4-4740-8108-8B15A15A2B5E}.Release|x64.ActiveCfg = Release|Any CPU
		{DE4A25BA-43D4-4740-8108-8B15A15A2B5E}.Release|x64.Build.0 = Release|Any CPU
		{DE4A25BA-43D4-4740-8108-8B15A15A2B5E}.Release|x86.ActiveCfg = Release|Any CPU
		{DE4A25BA-43D4-4740-8108-8B15A15A2B5E}.Release|x86.Build.0 = Release|Any CPU
		{9E9F028F-3C23-4537-A1C3-9611503DB767}.Debug|Any CPU.ActiveCfg = Debug|Any CPU
		{9E9F028F-3C23-4537-A1C3-9611503DB767}.Debug|Any CPU.Build.0 = Debug|Any CPU
		{9E9F028F-3C23-4537-A1C3-9611503DB767}.Debug|x64.ActiveCfg = Debug|Any CPU
		{9E9F028F-3C23-4537-A1C3-9611503DB767}.Debug|x64.Build.0 = Debug|Any CPU
		{9E9F028F-3C23-4537-A1C3-9611503DB767}.Debug|x86.ActiveCfg = Debug|Any CPU
		{9E9F028F-3C23-4537-A1C3-9611503DB767}.Debug|x86.Build.0 = Debug|Any CPU
		{9E9F028F-3C23-4537-A1C3-9611503DB767}.Release|Any CPU.ActiveCfg = Release|Any CPU
		{9E9F028F-3C23-4537-A1C3-9611503DB767}.Release|Any CPU.Build.0 = Release|Any CPU
		{9E9F028F-3C23-4537-A1C3-9611503DB767}.Release|x64.ActiveCfg = Release|Any CPU
		{9E9F028F-3C23-4537-A1C3-9611503DB767}.Release|x64.Build.0 = Release|Any CPU
		{9E9F028F-3C23-4537-A1C3-9611503DB767}.Release|x86.ActiveCfg = Release|Any CPU
		{9E9F028F-3C23-4537-A1C3-9611503DB767}.Release|x86.Build.0 = Release|Any CPU
		{37FF19F4-C0AF-4D09-A3B5-0E4D33904585}.Debug|Any CPU.ActiveCfg = Debug|Any CPU
		{37FF19F4-C0AF-4D09-A3B5-0E4D33904585}.Debug|Any CPU.Build.0 = Debug|Any CPU
		{37FF19F4-C0AF-4D09-A3B5-0E4D33904585}.Debug|x64.ActiveCfg = Debug|Any CPU
		{37FF19F4-C0AF-4D09-A3B5-0E4D33904585}.Debug|x64.Build.0 = Debug|Any CPU
		{37FF19F4-C0AF-4D09-A3B5-0E4D33904585}.Debug|x86.ActiveCfg = Debug|Any CPU
		{37FF19F4-C0AF-4D09-A3B5-0E4D33904585}.Debug|x86.Build.0 = Debug|Any CPU
		{37FF19F4-C0AF-4D09-A3B5-0E4D33904585}.Release|Any CPU.ActiveCfg = Release|Any CPU
		{37FF19F4-C0AF-4D09-A3B5-0E4D33904585}.Release|Any CPU.Build.0 = Release|Any CPU
		{37FF19F4-C0AF-4D09-A3B5-0E4D33904585}.Release|x64.ActiveCfg = Release|Any CPU
		{37FF19F4-C0AF-4D09-A3B5-0E4D33904585}.Release|x64.Build.0 = Release|Any CPU
		{37FF19F4-C0AF-4D09-A3B5-0E4D33904585}.Release|x86.ActiveCfg = Release|Any CPU
		{37FF19F4-C0AF-4D09-A3B5-0E4D33904585}.Release|x86.Build.0 = Release|Any CPU
		{5D08D901-DF99-4BFB-9ADA-45F06A0E2E17}.Debug|Any CPU.ActiveCfg = Debug|Any CPU
		{5D08D901-DF99-4BFB-9ADA-45F06A0E2E17}.Debug|Any CPU.Build.0 = Debug|Any CPU
		{5D08D901-DF99-4BFB-9ADA-45F06A0E2E17}.Debug|x64.ActiveCfg = Debug|Any CPU
		{5D08D901-DF99-4BFB-9ADA-45F06A0E2E17}.Debug|x64.Build.0 = Debug|Any CPU
		{5D08D901-DF99-4BFB-9ADA-45F06A0E2E17}.Debug|x86.ActiveCfg = Debug|Any CPU
		{5D08D901-DF99-4BFB-9ADA-45F06A0E2E17}.Debug|x86.Build.0 = Debug|Any CPU
		{5D08D901-DF99-4BFB-9ADA-45F06A0E2E17}.Release|Any CPU.ActiveCfg = Release|Any CPU
		{5D08D901-DF99-4BFB-9ADA-45F06A0E2E17}.Release|Any CPU.Build.0 = Release|Any CPU
		{5D08D901-DF99-4BFB-9ADA-45F06A0E2E17}.Release|x64.ActiveCfg = Release|Any CPU
		{5D08D901-DF99-4BFB-9ADA-45F06A0E2E17}.Release|x64.Build.0 = Release|Any CPU
		{5D08D901-DF99-4BFB-9ADA-45F06A0E2E17}.Release|x86.ActiveCfg = Release|Any CPU
		{5D08D901-DF99-4BFB-9ADA-45F06A0E2E17}.Release|x86.Build.0 = Release|Any CPU
		{D0C8B244-7272-4AE6-91E8-C8348422C092}.Debug|Any CPU.ActiveCfg = Debug|Any CPU
		{D0C8B244-7272-4AE6-91E8-C8348422C092}.Debug|Any CPU.Build.0 = Debug|Any CPU
		{D0C8B244-7272-4AE6-91E8-C8348422C092}.Debug|x64.ActiveCfg = Debug|Any CPU
		{D0C8B244-7272-4AE6-91E8-C8348422C092}.Debug|x64.Build.0 = Debug|Any CPU
		{D0C8B244-7272-4AE6-91E8-C8348422C092}.Debug|x86.ActiveCfg = Debug|Any CPU
		{D0C8B244-7272-4AE6-91E8-C8348422C092}.Debug|x86.Build.0 = Debug|Any CPU
		{D0C8B244-7272-4AE6-91E8-C8348422C092}.Release|Any CPU.ActiveCfg = Release|Any CPU
		{D0C8B244-7272-4AE6-91E8-C8348422C092}.Release|Any CPU.Build.0 = Release|Any CPU
		{D0C8B244-7272-4AE6-91E8-C8348422C092}.Release|x64.ActiveCfg = Release|Any CPU
		{D0C8B244-7272-4AE6-91E8-C8348422C092}.Release|x64.Build.0 = Release|Any CPU
		{D0C8B244-7272-4AE6-91E8-C8348422C092}.Release|x86.ActiveCfg = Release|Any CPU
		{D0C8B244-7272-4AE6-91E8-C8348422C092}.Release|x86.Build.0 = Release|Any CPU
		{B9F53733-F59B-4CE6-92B1-CAC39614F262}.Debug|Any CPU.ActiveCfg = Debug|Any CPU
		{B9F53733-F59B-4CE6-92B1-CAC39614F262}.Debug|Any CPU.Build.0 = Debug|Any CPU
		{B9F53733-F59B-4CE6-92B1-CAC39614F262}.Debug|x64.ActiveCfg = Debug|Any CPU
		{B9F53733-F59B-4CE6-92B1-CAC39614F262}.Debug|x64.Build.0 = Debug|Any CPU
		{B9F53733-F59B-4CE6-92B1-CAC39614F262}.Debug|x86.ActiveCfg = Debug|Any CPU
		{B9F53733-F59B-4CE6-92B1-CAC39614F262}.Debug|x86.Build.0 = Debug|Any CPU
		{B9F53733-F59B-4CE6-92B1-CAC39614F262}.Release|Any CPU.ActiveCfg = Release|Any CPU
		{B9F53733-F59B-4CE6-92B1-CAC39614F262}.Release|Any CPU.Build.0 = Release|Any CPU
		{B9F53733-F59B-4CE6-92B1-CAC39614F262}.Release|x64.ActiveCfg = Release|Any CPU
		{B9F53733-F59B-4CE6-92B1-CAC39614F262}.Release|x64.Build.0 = Release|Any CPU
		{B9F53733-F59B-4CE6-92B1-CAC39614F262}.Release|x86.ActiveCfg = Release|Any CPU
		{B9F53733-F59B-4CE6-92B1-CAC39614F262}.Release|x86.Build.0 = Release|Any CPU
		{F188D626-D611-4A27-A826-08EBB7492142}.Debug|Any CPU.ActiveCfg = Debug|Any CPU
		{F188D626-D611-4A27-A826-08EBB7492142}.Debug|Any CPU.Build.0 = Debug|Any CPU
		{F188D626-D611-4A27-A826-08EBB7492142}.Debug|x64.ActiveCfg = Debug|Any CPU
		{F188D626-D611-4A27-A826-08EBB7492142}.Debug|x64.Build.0 = Debug|Any CPU
		{F188D626-D611-4A27-A826-08EBB7492142}.Debug|x86.ActiveCfg = Debug|Any CPU
		{F188D626-D611-4A27-A826-08EBB7492142}.Debug|x86.Build.0 = Debug|Any CPU
		{F188D626-D611-4A27-A826-08EBB7492142}.Release|Any CPU.ActiveCfg = Release|Any CPU
		{F188D626-D611-4A27-A826-08EBB7492142}.Release|Any CPU.Build.0 = Release|Any CPU
		{F188D626-D611-4A27-A826-08EBB7492142}.Release|x64.ActiveCfg = Release|Any CPU
		{F188D626-D611-4A27-A826-08EBB7492142}.Release|x64.Build.0 = Release|Any CPU
		{F188D626-D611-4A27-A826-08EBB7492142}.Release|x86.ActiveCfg = Release|Any CPU
		{F188D626-D611-4A27-A826-08EBB7492142}.Release|x86.Build.0 = Release|Any CPU
		{DB8E8A63-1555-4FF4-8E6A-0E08F872670A}.Debug|Any CPU.ActiveCfg = Debug|Any CPU
		{DB8E8A63-1555-4FF4-8E6A-0E08F872670A}.Debug|Any CPU.Build.0 = Debug|Any CPU
		{DB8E8A63-1555-4FF4-8E6A-0E08F872670A}.Debug|x64.ActiveCfg = Debug|Any CPU
		{DB8E8A63-1555-4FF4-8E6A-0E08F872670A}.Debug|x64.Build.0 = Debug|Any CPU
		{DB8E8A63-1555-4FF4-8E6A-0E08F872670A}.Debug|x86.ActiveCfg = Debug|Any CPU
		{DB8E8A63-1555-4FF4-8E6A-0E08F872670A}.Debug|x86.Build.0 = Debug|Any CPU
		{DB8E8A63-1555-4FF4-8E6A-0E08F872670A}.Release|Any CPU.ActiveCfg = Release|Any CPU
		{DB8E8A63-1555-4FF4-8E6A-0E08F872670A}.Release|Any CPU.Build.0 = Release|Any CPU
		{DB8E8A63-1555-4FF4-8E6A-0E08F872670A}.Release|x64.ActiveCfg = Release|Any CPU
		{DB8E8A63-1555-4FF4-8E6A-0E08F872670A}.Release|x64.Build.0 = Release|Any CPU
		{DB8E8A63-1555-4FF4-8E6A-0E08F872670A}.Release|x86.ActiveCfg = Release|Any CPU
		{DB8E8A63-1555-4FF4-8E6A-0E08F872670A}.Release|x86.Build.0 = Release|Any CPU
		{F3AA1050-1A55-4C44-885A-7BD74B239416}.Debug|Any CPU.ActiveCfg = Debug|Any CPU
		{F3AA1050-1A55-4C44-885A-7BD74B239416}.Debug|Any CPU.Build.0 = Debug|Any CPU
		{F3AA1050-1A55-4C44-885A-7BD74B239416}.Debug|x64.ActiveCfg = Debug|Any CPU
		{F3AA1050-1A55-4C44-885A-7BD74B239416}.Debug|x64.Build.0 = Debug|Any CPU
		{F3AA1050-1A55-4C44-885A-7BD74B239416}.Debug|x86.ActiveCfg = Debug|Any CPU
		{F3AA1050-1A55-4C44-885A-7BD74B239416}.Debug|x86.Build.0 = Debug|Any CPU
		{F3AA1050-1A55-4C44-885A-7BD74B239416}.Release|Any CPU.ActiveCfg = Release|Any CPU
		{F3AA1050-1A55-4C44-885A-7BD74B239416}.Release|Any CPU.Build.0 = Release|Any CPU
		{F3AA1050-1A55-4C44-885A-7BD74B239416}.Release|x64.ActiveCfg = Release|Any CPU
		{F3AA1050-1A55-4C44-885A-7BD74B239416}.Release|x64.Build.0 = Release|Any CPU
		{F3AA1050-1A55-4C44-885A-7BD74B239416}.Release|x86.ActiveCfg = Release|Any CPU
		{F3AA1050-1A55-4C44-885A-7BD74B239416}.Release|x86.Build.0 = Release|Any CPU
		{B7E0B796-F896-4E11-8749-5AD81883FA56}.Debug|Any CPU.ActiveCfg = Debug|Any CPU
		{B7E0B796-F896-4E11-8749-5AD81883FA56}.Debug|Any CPU.Build.0 = Debug|Any CPU
		{B7E0B796-F896-4E11-8749-5AD81883FA56}.Debug|x64.ActiveCfg = Debug|Any CPU
		{B7E0B796-F896-4E11-8749-5AD81883FA56}.Debug|x64.Build.0 = Debug|Any CPU
		{B7E0B796-F896-4E11-8749-5AD81883FA56}.Debug|x86.ActiveCfg = Debug|Any CPU
		{B7E0B796-F896-4E11-8749-5AD81883FA56}.Debug|x86.Build.0 = Debug|Any CPU
		{B7E0B796-F896-4E11-8749-5AD81883FA56}.Release|Any CPU.ActiveCfg = Release|Any CPU
		{B7E0B796-F896-4E11-8749-5AD81883FA56}.Release|Any CPU.Build.0 = Release|Any CPU
		{B7E0B796-F896-4E11-8749-5AD81883FA56}.Release|x64.ActiveCfg = Release|Any CPU
		{B7E0B796-F896-4E11-8749-5AD81883FA56}.Release|x64.Build.0 = Release|Any CPU
		{B7E0B796-F896-4E11-8749-5AD81883FA56}.Release|x86.ActiveCfg = Release|Any CPU
		{B7E0B796-F896-4E11-8749-5AD81883FA56}.Release|x86.Build.0 = Release|Any CPU
	EndGlobalSection
	GlobalSection(SolutionProperties) = preSolution
		HideSolutionNode = FALSE
	EndGlobalSection
EndGlobal
